{
  "version": 4,
  "terraform_version": "1.7.1",
  "serial": 13,
  "lineage": "2a5d3c84-1c9b-3917-99f3-f94f24028977",
  "outputs": {},
  "resources": [
    {
      "module": "module.ecs",
      "mode": "managed",
      "type": "aws_ecs_cluster",
      "name": "cluster",
      "provider": "provider[\"registry.terraform.io/hashicorp/aws\"]",
      "instances": [
        {
          "schema_version": 0,
          "attributes": {
            "arn": "arn:aws:ecs:us-east-1:782823230069:cluster/Unum",
            "capacity_providers": [],
            "configuration": [],
            "default_capacity_provider_strategy": [],
            "id": "arn:aws:ecs:us-east-1:782823230069:cluster/Unum",
            "name": "Unum",
            "service_connect_defaults": [],
            "setting": [
              {
                "name": "containerInsights",
                "value": "disabled"
              }
            ],
            "tags": {},
            "tags_all": {}
          },
          "sensitive_attributes": [],
          "private": "bnVsbA=="
        }
      ]
    },
    {
      "module": "module.ecs",
      "mode": "managed",
      "type": "aws_ecs_task_definition",
      "name": "task",
      "provider": "provider[\"registry.terraform.io/hashicorp/aws\"]",
      "instances": [
        {
          "schema_version": 1,
          "attributes": {
            "arn": "arn:aws:ecs:us-east-1:782823230069:task-definition/service:1",
            "arn_without_revision": "arn:aws:ecs:us-east-1:782823230069:task-definition/service",
            "container_definitions": "[{\"cpu\":0,\"environment\":[],\"essential\":true,\"image\":\"service:latest\",\"mountPoints\":[],\"name\":\"service\",\"portMappings\":[{\"containerPort\":8080,\"hostPort\":8080,\"protocol\":\"tcp\"}],\"volumesFrom\":[]}]",
            "cpu": "256",
            "ephemeral_storage": [],
            "execution_role_arn": "",
            "family": "service",
            "id": "service",
            "inference_accelerator": [],
            "ipc_mode": "",
            "memory": "512",
            "network_mode": "awsvpc",
            "pid_mode": "",
            "placement_constraints": [],
            "proxy_configuration": [],
            "requires_compatibilities": [
              "FARGATE"
            ],
            "revision": 1,
            "runtime_platform": [],
            "skip_destroy": false,
            "tags": {},
            "tags_all": {},
            "task_role_arn": "",
            "volume": []
          },
          "sensitive_attributes": [],
          "private": "eyJzY2hlbWFfdmVyc2lvbiI6IjEifQ=="
        }
      ]
    },
    {
      "module": "module.ecs",
      "mode": "managed",
      "type": "aws_lb",
      "name": "lb",
      "provider": "provider[\"registry.terraform.io/hashicorp/aws\"]",
      "instances": [
        {
          "schema_version": 0,
          "attributes": {
            "access_logs": [
              {
                "bucket": "",
                "enabled": false,
                "prefix": ""
              }
            ],
            "arn": "arn:aws:elasticloadbalancing:us-east-1:782823230069:loadbalancer/net/web-ui/2fe1b6fbe14e2f96",
            "arn_suffix": "net/web-ui/2fe1b6fbe14e2f96",
            "customer_owned_ipv4_pool": "",
            "desync_mitigation_mode": null,
            "dns_name": "web-ui-2fe1b6fbe14e2f96.elb.us-east-1.amazonaws.com",
            "drop_invalid_header_fields": null,
            "enable_cross_zone_load_balancing": false,
            "enable_deletion_protection": false,
            "enable_http2": null,
            "enable_tls_version_and_cipher_suite_headers": null,
            "enable_waf_fail_open": null,
            "enable_xff_client_port": null,
            "id": "arn:aws:elasticloadbalancing:us-east-1:782823230069:loadbalancer/net/web-ui/2fe1b6fbe14e2f96",
            "idle_timeout": null,
            "internal": false,
            "ip_address_type": "ipv4",
            "load_balancer_type": "network",
            "name": "web-ui",
            "name_prefix": null,
            "preserve_host_header": null,
            "security_groups": [
              "sg-02a3437167c66417d"
            ],
            "subnet_mapping": [
              {
                "allocation_id": "",
                "ipv6_address": "",
                "outpost_id": "",
                "private_ipv4_address": "",
                "subnet_id": "subnet-0423a1b05695ac070"
              },
              {
                "allocation_id": "",
                "ipv6_address": "",
                "outpost_id": "",
                "private_ipv4_address": "",
                "subnet_id": "subnet-0b9e3ce12a1c5ae9f"
              }
            ],
            "subnets": [
              "subnet-0423a1b05695ac070",
              "subnet-0b9e3ce12a1c5ae9f"
            ],
            "tags": {},
            "tags_all": {},
            "timeouts": null,
            "vpc_id": "vpc-05bb20e5204f2c6b4",
            "xff_header_processing_mode": null,
            "zone_id": "Z26RNL4JYFTOTI"
          },
          "sensitive_attributes": [],
          "private": "eyJlMmJmYjczMC1lY2FhLTExZTYtOGY4OC0zNDM2M2JjN2M0YzAiOnsiY3JlYXRlIjo2MDAwMDAwMDAwMDAsImRlbGV0ZSI6NjAwMDAwMDAwMDAwLCJ1cGRhdGUiOjYwMDAwMDAwMDAwMH19",
          "dependencies": [
            "module.ecs.aws_security_group.lb_sg"
          ]
        }
      ]
    },
    {
      "module": "module.ecs",
      "mode": "managed",
      "type": "aws_lb_target_group",
      "name": "group",
      "provider": "provider[\"registry.terraform.io/hashicorp/aws\"]",
      "instances": [
        {
          "schema_version": 0,
          "attributes": {
            "arn": "arn:aws:elasticloadbalancing:us-east-1:782823230069:targetgroup/my-targets/ddc02514320a2a6c",
            "arn_suffix": "targetgroup/my-targets/ddc02514320a2a6c",
            "connection_termination": false,
            "deregistration_delay": "300",
            "health_check": [
              {
                "enabled": true,
                "healthy_threshold": 3,
                "interval": 30,
                "matcher": "200",
                "path": "/",
                "port": "traffic-port",
                "protocol": "HTTP",
                "timeout": 3,
                "unhealthy_threshold": 3
              }
            ],
            "id": "arn:aws:elasticloadbalancing:us-east-1:782823230069:targetgroup/my-targets/ddc02514320a2a6c",
            "ip_address_type": "ipv4",
            "lambda_multi_value_headers_enabled": false,
            "load_balancing_algorithm_type": "round_robin",
            "load_balancing_cross_zone_enabled": "use_load_balancer_configuration",
            "name": "my-targets",
            "name_prefix": null,
            "port": 80,
            "preserve_client_ip": null,
            "protocol": "HTTP",
            "protocol_version": "HTTP1",
            "proxy_protocol_v2": false,
            "slow_start": 0,
            "stickiness": [
              {
                "cookie_duration": 86400,
                "cookie_name": "",
                "enabled": false,
                "type": "lb_cookie"
              }
            ],
            "tags": null,
            "tags_all": {},
            "target_failover": [
              {
                "on_deregistration": null,
                "on_unhealthy": null
              }
            ],
            "target_type": "instance",
            "vpc_id": "vpc-05bb20e5204f2c6b4"
          },
          "sensitive_attributes": [],
          "private": "bnVsbA=="
        }
      ]
    },
    {
      "module": "module.ecs",
      "mode": "managed",
      "type": "aws_security_group",
      "name": "fargate_sg",
      "provider": "provider[\"registry.terraform.io/hashicorp/aws\"]",
      "instances": [
        {
          "schema_version": 1,
          "attributes": {
            "arn": "arn:aws:ec2:us-east-1:782823230069:security-group/sg-0699770c56dbbb37e",
            "description": "Allow inbound traffic",
            "egress": [],
            "id": "sg-0699770c56dbbb37e",
            "ingress": [
              {
                "cidr_blocks": [
                  "0.0.0.0/0"
                ],
                "description": "",
                "from_port": 8080,
                "ipv6_cidr_blocks": [],
                "prefix_list_ids": [],
                "protocol": "tcp",
                "security_groups": [],
                "self": false,
                "to_port": 8080
              }
            ],
            "name": "fargate_sg",
            "name_prefix": "",
            "owner_id": "782823230069",
            "revoke_rules_on_delete": false,
            "tags": {},
            "tags_all": {},
            "timeouts": null,
            "vpc_id": "vpc-05bb20e5204f2c6b4"
          },
          "sensitive_attributes": [],
          "private": "eyJlMmJmYjczMC1lY2FhLTExZTYtOGY4OC0zNDM2M2JjN2M0YzAiOnsiY3JlYXRlIjo2MDAwMDAwMDAwMDAsImRlbGV0ZSI6OTAwMDAwMDAwMDAwfSwic2NoZW1hX3ZlcnNpb24iOiIxIn0="
        }
      ]
    },
    {
      "module": "module.ecs",
      "mode": "managed",
      "type": "aws_security_group",
      "name": "lb_sg",
      "provider": "provider[\"registry.terraform.io/hashicorp/aws\"]",
      "instances": [
        {
          "schema_version": 1,
          "attributes": {
            "arn": "arn:aws:ec2:us-east-1:782823230069:security-group/sg-02a3437167c66417d",
            "description": "Allow TLS inbound traffic",
            "egress": [],
            "id": "sg-02a3437167c66417d",
            "ingress": [
              {
                "cidr_blocks": [
                  "0.0.0.0/0"
                ],
                "description": "",
                "from_port": 8444,
                "ipv6_cidr_blocks": [],
                "prefix_list_ids": [],
                "protocol": "tcp",
                "security_groups": [],
                "self": false,
                "to_port": 8444
              }
            ],
            "name": "lb_sg",
            "name_prefix": "",
            "owner_id": "782823230069",
            "revoke_rules_on_delete": false,
            "tags": {},
            "tags_all": {},
            "timeouts": null,
            "vpc_id": "vpc-05bb20e5204f2c6b4"
          },
          "sensitive_attributes": [],
          "private": "eyJlMmJmYjczMC1lY2FhLTExZTYtOGY4OC0zNDM2M2JjN2M0YzAiOnsiY3JlYXRlIjo2MDAwMDAwMDAwMDAsImRlbGV0ZSI6OTAwMDAwMDAwMDAwfSwic2NoZW1hX3ZlcnNpb24iOiIxIn0="
        }
      ]
    },
    {
      "module": "module.parameter_store",
      "mode": "managed",
      "type": "aws_ssm_parameter",
      "name": "parameter",
      "provider": "module.parameter_store.provider[\"registry.terraform.io/hashicorp/aws\"]",
      "instances": [
        {
          "index_key": 0,
          "schema_version": 0,
          "attributes": {
            "allowed_pattern": "",
            "arn": "arn:aws:ssm:us-east-1:782823230069:parameter/consult-product-lists",
            "data_type": "text",
            "description": "",
            "id": "consult-product-lists",
            "insecure_value": null,
            "key_id": "",
            "name": "consult-product-lists",
            "overwrite": null,
            "tags": {},
            "tags_all": {},
            "tier": "Standard",
            "type": "String",
            "value": "{\n  \"request\": {\n    \"headers\": {\n      \"channelId\": {\n        \"IsNotEmpty\": {\n          \"message\": \"{'channelId': 'El identificador del canal es obligatorio'}\"\n        },\n        \"IsInt\": {\n          \"message\": \"{'channelId': 'El identificador del canal debe ser un valor numérico entero'}\"\n        },\n        \"IsIn\": {\n          \"message\": \"{'channelId': 'El identificador del canal debe ser un valor válido'}\",\n          \"value\": [1, 37]\n        }\n      },\n      \"consumerId\": {\n        \"IsNotEmpty\": {\n          \"message\": \"{'consumerId': 'El identificador del consumidor es obligatorio'}\"\n        },\n        \"IsIn\": {\n          \"message\": \"{'consumerId': 'El identificador del consumidor debe ser un valor válido'}\",\n          \"value\": [\"SUPER_APP\", \"CLIENTE_360\", \"APP_SUPERAPP_PN\"]\n        }\n      },\n      \"countryCode\": {\n        \"IsNotEmpty\": {\n          \"message\": \"{'countryCode': 'El código del país es obligatorio'}\"\n        },\n        \"IsIn\": {\n          \"message\": \"{'countryCode': 'El código del país debe ser un valor válido'}\",\n          \"value\": [\"CO\"]\n        }\n      },\n      \"sourceIp\": {\n        \"IsNotEmpty\": {\n          \"message\": \"{'sourceIp': 'La dirección ip del cliente es obligatoria'}\"\n        },\n        \"IsIp\": {\n          \"message\": \"{'sourceIp': 'La dirección ip del cliente debe ser una ip versión 4 válida'}\",\n          \"value\": \"^(25[0-5]|2[0-4]\\\\d|1\\\\d{2}|[1-9]?\\\\d)\\\\.(25[0-5]|2[0-4]\\\\d|1\\\\d{2}|[1-9]?\\\\d)\\\\.(25[0-5]|2[0-4]\\\\d|1\\\\d{2}|[1-9]?\\\\d)\\\\.(25[0-5]|2[0-4]\\\\d|1\\\\d{2}|[1-9]?\\\\d)$\"\n        }\n      },\n      \"traceabilityId\": {\n        \"IsNotEmpty\": {\n          \"message\": \"{'traceabilityId': 'El identificador de trazabilidad es obligatorio'}\"\n        }\n      }\n    },\n    \"body\": {\n      \"clientIdType\": {\n        \"IsNotEmpty\": {\n          \"message\": \"{'clientIdType': 'El tipo de identificación del cliente propietario de la lista es obligatorio'}\"\n        },\n        \"IsInt\": {\n          \"message\": \"{'clientIdType': 'El tipo de identificación del cliente propietario de la lista debe ser un valor numérico entero'}\"\n        },\n        \"IsIn\": {\n          \"message\": \"{'clientIdType': 'El tipo de identificación del cliente propietario de la lista debe ser un valor válido'}\",\n          \"value\": [1, 2, 3, 4, 5, 6, 7, 8, 9, 10, 11, 12, 13, 14]\n        }\n      },\n      \"clientId\": {\n        \"IsNotEmpty\": {\n          \"message\": \"{'clientId': 'El número de identificación del cliente propietario de la lista es obligatorio'}\"\n        },\n        \"Matches\": {\n          \"message\": \"{'clientId': 'El número de identificación del cliente propietario de la lista debe ser un string de solo números entre uno (1) y dieciséis (16) caracteres'}\",\n          \"value\": \"^\\\\d{1,16}$\"\n        }\n      },\n      \"listId\": {\n        \"IsNotEmpty\": {\n          \"message\": \"{'listId': 'El identificador único de la lista debe llegar en la estructura del json de entrada'}\"\n        },\n        \"IsString\": {\n          \"message\": \"{'listId': 'El identificador único de la lista debe ser un string'}\"\n        },\n        \"IsUUID\": {\n          \"message\": \"{'listId': 'El identificador único de la lista debe ser un uuid versión 4 válido'}\",\n          \"value\": \"^[0-9a-fA-F]{8}-[0-9a-fA-F]{4}-4[0-9a-fA-F]{3}-[89abAB][0-9a-fA-F]{3}-[0-9a-fA-F]{12}$\"\n        }\n      },\n      \"listStatus\": {\n        \"IsNotEmpty\": {\n          \"message\": \"{'listStatus': 'El estado actual de la lista debe llegar en la estructura del json de entrada'}\"\n        },\n        \"IsBoolean\": {\n          \"message\": \"{'listStatus': 'El estado actual de la lista debe ser un booleano'}\"\n        }\n      }\n    }\n  }\n}\n",
            "version": 1
          },
          "sensitive_attributes": [],
          "private": "bnVsbA=="
        },
        {
          "index_key": 1,
          "schema_version": 0,
          "attributes": {
            "allowed_pattern": "",
            "arn": "arn:aws:ssm:us-east-1:782823230069:parameter/modify-product-lists",
            "data_type": "text",
            "description": "",
            "id": "modify-product-lists",
            "insecure_value": null,
            "key_id": "",
            "name": "modify-product-lists",
            "overwrite": null,
            "tags": {},
            "tags_all": {},
            "tier": "Standard",
            "type": "String",
            "value": "{\n  \"request\": {\n    \"headers\": {\n      \"channelId\": {\n        \"IsNotEmpty\": {\n          \"message\": \"{'channelId': 'El identificador del canal es obligatorio'}\"\n        },\n        \"IsInt\": {\n          \"message\": \"{'channelId': 'El identificador del canal debe ser un valor numérico entero'}\"\n        },\n        \"IsIn\": {\n          \"message\": \"{'channelId': 'El identificador del canal debe ser un valor válido'}\",\n          \"value\": [1, 37]\n        }\n      },\n      \"consumerId\": {\n        \"IsNotEmpty\": {\n          \"message\": \"{'consumerId': 'El identificador del consumidor es obligatorio'}\"\n        },\n        \"IsIn\": {\n          \"message\": \"{'consumerId': 'El identificador del consumidor debe ser un valor válido'}\",\n          \"value\": [\"SUPER_APP\", \"CLIENTE_360\", \"APP_SUPERAPP_PN\"]\n        }\n      },\n      \"countryCode\": {\n        \"IsNotEmpty\": {\n          \"message\": \"{'countryCode': 'El código del país es obligatorio'}\"\n        },\n        \"IsIn\": {\n          \"message\": \"{'countryCode': 'El código del país debe ser un valor válido'}\",\n          \"value\": [\"CO\"]\n        }\n      },\n      \"sourceIp\": {\n        \"IsNotEmpty\": {\n          \"message\": \"{'sourceIp': 'La dirección ip del cliente es obligatoria'}\"\n        },\n        \"IsIp\": {\n          \"message\": \"{'sourceIp': 'La dirección ip del cliente debe ser una ip versión 4 válida'}\",\n          \"value\": \"^(25[0-5]|2[0-4]\\\\d|1\\\\d{2}|[1-9]?\\\\d)\\\\.(25[0-5]|2[0-4]\\\\d|1\\\\d{2}|[1-9]?\\\\d)\\\\.(25[0-5]|2[0-4]\\\\d|1\\\\d{2}|[1-9]?\\\\d)\\\\.(25[0-5]|2[0-4]\\\\d|1\\\\d{2}|[1-9]?\\\\d)$\"\n        }\n      },\n      \"traceabilityId\": {\n        \"IsNotEmpty\": {\n          \"message\": \"{'traceabilityId': 'El identificador de trazabilidad es obligatorio'}\"\n        }\n      }\n    },\n    \"body\": {\n      \"clientIdType\": {\n        \"IsNotEmpty\": {\n          \"message\": \"{'clientIdType': 'El tipo de identificación del cliente propietario de la lista es obligatorio'}\"\n        },\n        \"IsInt\": {\n          \"message\": \"{'clientIdType': 'El tipo de identificación del cliente propietario de la lista debe ser un valor numérico entero'}\"\n        },\n        \"IsIn\": {\n          \"message\": \"{'clientIdType': 'El tipo de identificación del cliente propietario de la lista debe ser un valor válido'}\",\n          \"value\": [1, 2, 3, 4, 5, 6, 7, 8, 9, 10, 11, 12, 13, 14]\n        }\n      },\n      \"clientId\": {\n        \"IsNotEmpty\": {\n          \"message\": \"{'clientId': 'El número de identificación del cliente propietario de la lista es obligatorio'}\"\n        },\n        \"Matches\": {\n          \"message\": \"{'clientId': 'El número de identificación del cliente propietario de la lista debe ser un string de solo números entre uno (1) y dieciséis (16) caracteres'}\",\n          \"value\": \"^\\\\d{1,16}$\"\n        }\n      },\n      \"listId\": {\n        \"IsNotEmpty\": {\n          \"message\": \"{'listId': 'El identificador único de la lista debe llegar en la estructura del json de entrada'}\"\n        },\n        \"IsString\": {\n          \"message\": \"{'listId': 'El identificador único de la lista debe ser un string'}\"\n        },\n        \"IsUUID\": {\n          \"message\": \"{'listId': 'El identificador único de la lista debe ser un uuid versión 4 válido'}\",\n          \"value\": \"^[0-9a-fA-F]{8}-[0-9a-fA-F]{4}-4[0-9a-fA-F]{3}-[89abAB][0-9a-fA-F]{3}-[0-9a-fA-F]{12}$\"\n        }\n      },\n      \"listStatus\": {\n        \"IsNotEmpty\": {\n          \"message\": \"{'listStatus': 'El estado actual de la lista debe llegar en la estructura del json de entrada'}\"\n        },\n        \"IsBoolean\": {\n          \"message\": \"{'listStatus': 'El estado actual de la lista debe ser un booleano'}\"\n        }\n      }\n    }\n  }\n}\n",
            "version": 1
          },
          "sensitive_attributes": [],
          "private": "bnVsbA=="
        }
      ]
    }
  ],
  "check_results": null
}
